<?xml version="1.0"?>
<!DOCTYPE CodeBlocks_project_file>
<CodeBlocks_project_file>
	<FileVersion major="1" minor="1"/>
	<Project>
		<Option title="Static Build"/>
		<Option makefile="Makefile"/>
		<Option makefile_is_custom="0"/>
		<Option compiler="0"/>
		<Build>
			<Target title="default">
				<Option output="Static\libDOSimple_static.a"/>
				<Option working_dir=""/>
				<Option object_output="Static\OBJ\"/>
				<Option deps_output="Static\OBJ\"/>
				<Option type="2"/>
				<Option compiler="0"/>
				<Option createDefFile="1"/>
				<Option projectResourceIncludeDirsRelation="2"/>
			</Target>
		</Build>
		<Unit filename="DOSimple.cpp">
			<Option compilerVar="CPP"/>
			<Option target="default"/>
		</Unit>
		<Unit filename="DOSimple.h">
			<Option compilerVar=""/>
			<Option compile="0"/>
			<Option link="0"/>
			<Option target="default"/>
		</Unit>
	</Project>
</CodeBlocks_project_file>
